
Microsoft Visual Studio Solution File, Format Version 12.00
# Visual Studio Version 17
VisualStudioVersion = 17.5.33530.505
MinimumVisualStudioVersion = 10.0.40219.1
Project("{9A19103F-16F7-4668-BE54-9A1E7A4F7556}") = "DocxStorageUpdated", "DocxStorageUpdated.csproj", "{B4851E3A-9E05-4F9F-B363-E5AED3BC1B4D}"
EndProject
Project("{FAE04EC0-301F-11D3-BF4B-00C04F79EFBC}") = "DocxStorageUpdated.Tests", "..\DocxStorageUpdated.Tests\DocxStorageUpdated.Tests.csproj", "{70B09824-1B02-40FF-BF9D-E198AF9B0741}"
EndProject
Global
	GlobalSection(SolutionConfigurationPlatforms) = preSolution
		Debug|Any CPU = Debug|Any CPU
		Release|Any CPU = Release|Any CPU
	EndGlobalSection
	GlobalSection(ProjectConfigurationPlatforms) = postSolution
		{B4851E3A-9E05-4F9F-B363-E5AED3BC1B4D}.Debug|Any CPU.ActiveCfg = Debug|Any CPU
		{B4851E3A-9E05-4F9F-B363-E5AED3BC1B4D}.Debug|Any CPU.Build.0 = Debug|Any CPU
		{B4851E3A-9E05-4F9F-B363-E5AED3BC1B4D}.Release|Any CPU.ActiveCfg = Release|Any CPU
		{B4851E3A-9E05-4F9F-B363-E5AED3BC1B4D}.Release|Any CPU.Build.0 = Release|Any CPU
		{70B09824-1B02-40FF-BF9D-E198AF9B0741}.Debug|Any CPU.ActiveCfg = Debug|Any CPU
		{70B09824-1B02-40FF-BF9D-E198AF9B0741}.Debug|Any CPU.Build.0 = Debug|Any CPU
		{70B09824-1B02-40FF-BF9D-E198AF9B0741}.Release|Any CPU.ActiveCfg = Release|Any CPU
		{70B09824-1B02-40FF-BF9D-E198AF9B0741}.Release|Any CPU.Build.0 = Release|Any CPU
	EndGlobalSection
	GlobalSection(SolutionProperties) = preSolution
		HideSolutionNode = FALSE
	EndGlobalSection
	GlobalSection(ExtensibilityGlobals) = postSolution
		SolutionGuid = {9CC4E7D1-8EE7-42CC-B8EF-028A7530C759}
	EndGlobalSection
EndGlobal
